// !$*UTF8*$!
{
	archiveVersion = 1;
	classes = {
	};
	objectVersion = 46;
	objects = {

/* Begin PBXBuildFile section */
		DEDFA54E1E5C46A000804D26 /* AppDelegate.swift in Sources */ = {isa = PBXBuildFile; fileRef = DEDFA54D1E5C46A000804D26 /* AppDelegate.swift */; };
		DEDFA5501E5C46A000804D26 /* ViewController.swift in Sources */ = {isa = PBXBuildFile; fileRef = DEDFA54F1E5C46A000804D26 /* ViewController.swift */; };
		DEDFA5531E5C46A000804D26 /* Main.storyboard in Resources */ = {isa = PBXBuildFile; fileRef = DEDFA5511E5C46A000804D26 /* Main.storyboard */; };
		DEDFA5551E5C46A000804D26 /* Assets.xcassets in Resources */ = {isa = PBXBuildFile; fileRef = DEDFA5541E5C46A000804D26 /* Assets.xcassets */; };
		DEDFA5581E5C46A000804D26 /* LaunchScreen.storyboard in Resources */ = {isa = PBXBuildFile; fileRef = DEDFA5561E5C46A000804D26 /* LaunchScreen.storyboard */; };
		DEDFA5611E5C471E00804D26 /* RadioButtonsView.swift in Sources */ = {isa = PBXBuildFile; fileRef = DEDFA55F1E5C471E00804D26 /* RadioButtonsView.swift */; };
		DEDFA5621E5C471E00804D26 /* RoundButton.swift in Sources */ = {isa = PBXBuildFile; fileRef = DEDFA5601E5C471E00804D26 /* RoundButton.swift */; };
/* End PBXBuildFile section */

/* Begin PBXFileReference section */
		DEDFA54A1E5C46A000804D26 /* RadioButtonView.app */ = {isa = PBXFileReference; explicitFileType = wrapper.application; includeInIndex = 0; path = RadioButtonView.app; sourceTree = BUILT_PRODUCTS_DIR; };
		DEDFA54D1E5C46A000804D26 /* AppDelegate.swift */ = {isa = PBXFileReference; lastKnownFileType = sourcecode.swift; path = AppDelegate.swift; sourceTree = "<group>"; };
		DEDFA54F1E5C46A000804D26 /* ViewController.swift */ = {isa = PBXFileReference; lastKnownFileType = sourcecode.swift; path = ViewController.swift; sourceTree = "<group>"; };
		DEDFA5521E5C46A000804D26 /* Base */ = {isa = PBXFileReference; lastKnownFileType = file.storyboard; name = Base; path = Base.lproj/Main.storyboard; sourceTree = "<group>"; };
		DEDFA5541E5C46A000804D26 /* Assets.xcassets */ = {isa = PBXFileReference; lastKnownFileType = folder.assetcatalog; path = Assets.xcassets; sourceTree = "<group>"; };
		DEDFA5571E5C46A000804D26 /* Base */ = {isa = PBXFileReference; lastKnownFileType = file.storyboard; name = Base; path = Base.lproj/LaunchScreen.storyboard; sourceTree = "<group>"; };
		DEDFA5591E5C46A000804D26 /* Info.plist */ = {isa = PBXFileReference; lastKnownFileType = text.plist.xml; path = Info.plist; sourceTree = "<group>"; };
		DEDFA55F1E5C471E00804D26 /* RadioButtonsView.swift */ = {isa = PBXFileReference; fileEncoding = 4; lastKnownFileType = sourcecode.swift; path = RadioButtonsView.swift; sourceTree = "<group>"; };
		DEDFA5601E5C471E00804D26 /* RoundButton.swift */ = {isa = PBXFileReference; fileEncoding = 4; lastKnownFileType = sourcecode.swift; path = RoundButton.swift; sourceTree = "<group>"; };
/* End PBXFileReference section */

/* Begin PBXFrameworksBuildPhase section */
		DEDFA5471E5C46A000804D26 /* Frameworks */ = {
			isa = PBXFrameworksBuildPhase;
			buildActionMask = 2147483647;
			files = (
			);
			runOnlyForDeploymentPostprocessing = 0;
		};
/* End PBXFrameworksBuildPhase section */

/* Begin PBXGroup section */
		DE8B486A1E5C78D6003E93AD /* RadioButtonView */ = {
			isa = PBXGroup;
			children = (
				DEDFA5601E5C471E00804D26 /* RoundButton.swift */,
				DEDFA55F1E5C471E00804D26 /* RadioButtonsView.swift */,
			);
			name = RadioButtonView;
			path = RadioButton;
			sourceTree = "<group>";
		};
		DEDFA5411E5C46A000804D26 = {
			isa = PBXGroup;
			children = (
				DE8B486A1E5C78D6003E93AD /* RadioButtonView */,
				DEDFA54C1E5C46A000804D26 /* TestApp */,
				DEDFA54B1E5C46A000804D26 /* Products */,
			);
			sourceTree = "<group>";
		};
		DEDFA54B1E5C46A000804D26 /* Products */ = {
			isa = PBXGroup;
			children = (
				DEDFA54A1E5C46A000804D26 /* RadioButtonView.app */,
			);
			name = Products;
			sourceTree = "<group>";
		};
		DEDFA54C1E5C46A000804D26 /* TestApp */ = {
			isa = PBXGroup;
			children = (
				DEDFA54D1E5C46A000804D26 /* AppDelegate.swift */,
				DEDFA54F1E5C46A000804D26 /* ViewController.swift */,
				DEDFA5511E5C46A000804D26 /* Main.storyboard */,
				DEDFA5541E5C46A000804D26 /* Assets.xcassets */,
				DEDFA5561E5C46A000804D26 /* LaunchScreen.storyboard */,
				DEDFA5591E5C46A000804D26 /* Info.plist */,
			);
			name = TestApp;
			path = RadioButton;
			sourceTree = "<group>";
		};
/* End PBXGroup section */

/* Begin PBXNativeTarget section */
		DEDFA5491E5C46A000804D26 /* RadioButtonView */ = {
			isa = PBXNativeTarget;
			buildConfigurationList = DEDFA55C1E5C46A000804D26 /* Build configuration list for PBXNativeTarget "RadioButtonView" */;
			buildPhases = (
				DEDFA5461E5C46A000804D26 /* Sources */,
				DEDFA5471E5C46A000804D26 /* Frameworks */,
				DEDFA5481E5C46A000804D26 /* Resources */,
			);
			buildRules = (
			);
			dependencies = (
			);
			name = RadioButtonView;
			productName = RadioButton;
			productReference = DEDFA54A1E5C46A000804D26 /* RadioButtonView.app */;
			productType = "com.apple.product-type.application";
		};
/* End PBXNativeTarget section */

/* Begin PBXProject section */
		DEDFA5421E5C46A000804D26 /* Project object */ = {
			isa = PBXProject;
			attributes = {
				LastSwiftUpdateCheck = 0820;
				LastUpgradeCheck = 0820;
				ORGANIZATIONNAME = "Epic Journey";
				TargetAttributes = {
					DEDFA5491E5C46A000804D26 = {
						CreatedOnToolsVersion = 8.2.1;
						DevelopmentTeam = UN7Q9L4XCH;
						ProvisioningStyle = Automatic;
					};
				};
			};
			buildConfigurationList = DEDFA5451E5C46A000804D26 /* Build configuration list for PBXProject "RadioButtonView" */;
			compatibilityVersion = "Xcode 3.2";
			developmentRegion = English;
			hasScannedForEncodings = 0;
			knownRegions = (
				en,
				Base,
			);
			mainGroup = DEDFA5411E5C46A000804D26;
			productRefGroup = DEDFA54B1E5C46A000804D26 /* Products */;
			projectDirPath = "";
			projectRoot = "";
			targets = (
				DEDFA5491E5C46A000804D26 /* RadioButtonView */,
			);
		};
/* End PBXProject section */

/* Begin PBXResourcesBuildPhase section */
		DEDFA5481E5C46A000804D26 /* Resources */ = {
			isa = PBXResourcesBuildPhase;
			buildActionMask = 2147483647;
			files = (
				DEDFA5581E5C46A000804D26 /* LaunchScreen.storyboard in Resources */,
				DEDFA5551E5C46A000804D26 /* Assets.xcassets in Resources */,
				DEDFA5531E5C46A000804D26 /* Main.storyboard in Resources */,
			);
			runOnlyForDeploymentPostprocessing = 0;
		};
/* End PBXResourcesBuildPhase section */

/* Begin PBXSourcesBuildPhase section */
		DEDFA5461E5C46A000804D26 /* Sources */ = {
			isa = PBXSourcesBuildPhase;
			buildActionMask = 2147483647;
			files = (
				DEDFA5621E5C471E00804D26 /* RoundButton.swift in Sources */,
				DEDFA5501E5C46A000804D26 /* ViewController.swift in Sources */,
				DEDFA54E1E5C46A000804D26 /* AppDelegate.swift in Sources */,
				DEDFA5611E5C471E00804D26 /* RadioButtonsView.swift in Sources */,
			);
			runOnlyForDeploymentPostprocessing = 0;
		};
/* End PBXSourcesBuildPhase section */

/* Begin PBXVariantGroup section */
		DEDFA5511E5C46A000804D26 /* Main.storyboard */ = {
			isa = PBXVariantGroup;
			children = (
				DEDFA5521E5C46A000804D26 /* Base */,
			);
			name = Main.storyboard;
			sourceTree = "<group>";
		};
		DEDFA5561E5C46A000804D26 /* LaunchScreen.storyboard */ = {
			isa = PBXVariantGroup;
			children = (
				DEDFA5571E5C46A000804D26 /* Base */,
			);
			name = LaunchScreen.storyboard;
			sourceTree = "<group>";
		};
/* End PBXVariantGroup section */

/* Begin XCBuildConfiguration section */
		DEDFA55A1E5C46A000804D26 /* Debug */ = {
			isa = XCBuildConfiguration;
			buildSettings = {
				ALWAYS_SEARCH_USER_PATHS = NO;
				CLANG_ANALYZER_NONNULL = YES;
				CLANG_CXX_LANGUAGE_STANDARD = "gnu++0x";
				CLANG_CXX_LIBRARY = "libc++";
				CLANG_ENABLE_MODULES = YES;
				CLANG_ENABLE_OBJC_ARC = YES;
				CLANG_WARN_BOOL_CONVERSION = YES;
				CLANG_WARN_CONSTANT_CONVERSION = YES;
				CLANG_WARN_DIRECT_OBJC_ISA_USAGE = YES_ERROR;
				CLANG_WARN_DOCUMENTATION_COMMENTS = YES;
				CLANG_WARN_EMPTY_BODY = YES;
				CLANG_WARN_ENUM_CONVERSION = YES;
				CLANG_WARN_INFINITE_RECURSION = YES;
				CLANG_WARN_INT_CONVERSION = YES;
				CLANG_WARN_OBJC_ROOT_CLASS = YES_ERROR;
				CLANG_WARN_SUSPICIOUS_MOVE = YES;
				CLANG_WARN_UNREACHABLE_CODE = YES;
				CLANG_WARN__DUPLICATE_METHOD_MATCH = YES;
				"CODE_SIGN_IDENTITY[sdk=iphoneos*]" = "iPhone Developer";
				COPY_PHASE_STRIP = NO;
				DEBUG_INFORMATION_FORMAT = dwarf;
				ENABLE_STRICT_OBJC_MSGSEND = YES;
				ENABLE_TESTABILITY = YES;
				GCC_C_LANGUAGE_STANDARD = gnu99;
				GCC_DYNAMIC_NO_PIC = NO;
				GCC_NO_COMMON_BLOCKS = YES;
				GCC_OPTIMIZATION_LEVEL = 0;
				GCC_PREPROCESSOR_DEFINITIONS = (
					"DEBUG=1",
					"$(inherited)",
				);
				GCC_WARN_64_TO_32_BIT_CONVERSION = YES;
				GCC_WARN_ABOUT_RETURN_TYPE = YES_ERROR;
				GCC_WARN_UNDECLARED_SELECTOR = YES;
				GCC_WARN_UNINITIALIZED_AUTOS = YES_AGGRESSIVE;
				GCC_WARN_UNUSED_FUNCTION = YES;
				GCC_WARN_UNUSED_VARIABLE = YES;
				IPHONEOS_DEPLOYMENT_TARGET = 10.2;
				MTL_ENABLE_DEBUG_INFO = YES;
				ONLY_ACTIVE_ARCH = YES;
				SDKROOT = iphoneos;
				SWIFT_ACTIVE_COMPILATION_CONDITIONS = DEBUG;
				SWIFT_OPTIMIZATION_LEVEL = "-Onone";
				TARGETED_DEVICE_FAMILY = "1,2";
			};
			name = Debug;
		};
		DEDFA55B1E5C46A000804D26 /* Release */ = {
			isa = XCBuildConfiguration;
			buildSettings = {
				ALWAYS_SEARCH_USER_PATHS = NO;
				CLANG_ANALYZER_NONNULL = YES;
				CLANG_CXX_LANGUAGE_STANDARD = "gnu++0x";
				CLANG_CXX_LIBRARY = "libc++";
				CLANG_ENABLE_MODULES = YES;
				CLANG_ENABLE_OBJC_ARC = YES;
				CLANG_WARN_BOOL_CONVERSION = YES;
				CLANG_WARN_CONSTANT_CONVERSION = YES;
				CLANG_WARN_DIRECT_OBJC_ISA_USAGE = YES_ERROR;
				CLANG_WARN_DOCUMENTATION_COMMENTS = YES;
				CLANG_WARN_EMPTY_BODY = YES;
				CLANG_WARN_ENUM_CONVERSION = YES;
				CLANG_WARN_INFINITE_RECURSION = YES;
				CLANG_WARN_INT_CONVERSION = YES;
				CLANG_WARN_OBJC_ROOT_CLASS = YES_ERROR;
				CLANG_WARN_SUSPICIOUS_MOVE = YES;
				CLANG_WARN_UNREACHABLE_CODE = YES;
				CLANG_WARN__DUPLICATE_METHOD_MATCH = YES;
				"CODE_SIGN_IDENTITY[sdk=iphoneos*]" = "iPhone Developer";
				COPY_PHASE_STRIP = NO;
				DEBUG_INFORMATION_FORMAT = "dwarf-with-dsym";
				ENABLE_NS_ASSERTIONS = NO;
				ENABLE_STRICT_OBJC_MSGSEND = YES;
				GCC_C_LANGUAGE_STANDARD = gnu99;
				GCC_NO_COMMON_BLOCKS = YES;
				GCC_WARN_64_TO_32_BIT_CONVERSION = YES;
				GCC_WARN_ABOUT_RETURN_TYPE = YES_ERROR;
				GCC_WARN_UNDECLARED_SELECTOR = YES;
				GCC_WARN_UNINITIALIZED_AUTOS = YES_AGGRESSIVE;
				GCC_WARN_UNUSED_FUNCTION = YES;
				GCC_WARN_UNUSED_VARIABLE = YES;
				IPHONEOS_DEPLOYMENT_TARGET = 10.2;
				MTL_ENABLE_DEBUG_INFO = NO;
				SDKROOT = iphoneos;
				SWIFT_OPTIMIZATION_LEVEL = "-Owholemodule";
				TARGETED_DEVICE_FAMILY = "1,2";
				VALIDATE_PRODUCT = YES;
			};
			name = Release;
		};
		DEDFA55D1E5C46A000804D26 /* Debug */ = {
			isa = XCBuildConfiguration;
			buildSettings = {
				ASSETCATALOG_COMPILER_APPICON_NAME = AppIcon;
				DEVELOPMENT_TEAM = UN7Q9L4XCH;
				INFOPLIST_FILE = RadioButton/Info.plist;
				LD_RUNPATH_SEARCH_PATHS = "$(inherited) @executable_path/Frameworks";
				PRODUCT_BUNDLE_IDENTIFIER = io.epicjourney.RadioButton;
				PRODUCT_NAME = "$(TARGET_NAME)";
				SWIFT_VERSION = 3.0;
			};
			name = Debug;
		};
		DEDFA55E1E5C46A000804D26 /* Release */ = {
			isa = XCBuildConfiguration;
			buildSettings = {
				ASSETCATALOG_COMPILER_APPICON_NAME = AppIcon;
				DEVELOPMENT_TEAM = UN7Q9L4XCH;
				INFOPLIST_FILE = RadioButton/Info.plist;
				LD_RUNPATH_SEARCH_PATHS = "$(inherited) @executable_path/Frameworks";
				PRODUCT_BUNDLE_IDENTIFIER = io.epicjourney.RadioButton;
				PRODUCT_NAME = "$(TARGET_NAME)";
				SWIFT_VERSION = 3.0;
			};
			name = Release;
		};
/* End XCBuildConfiguration section */

/* Begin XCConfigurationList section */
		DEDFA5451E5C46A000804D26 /* Build configuration list for PBXProject "RadioButtonView" */ = {
			isa = XCConfigurationList;
			buildConfigurations = (
				DEDFA55A1E5C46A000804D26 /* Debug */,
				DEDFA55B1E5C46A000804D26 /* Release */,
			);
			defaultConfigurationIsVisible = 0;
			defaultConfigurationName = Release;
		};
		DEDFA55C1E5C46A000804D26 /* Build configuration list for PBXNativeTarget "RadioButtonView" */ = {
			isa = XCConfigurationList;
			buildConfigurations = (
				DEDFA55D1E5C46A000804D26 /* Debug */,
				DEDFA55E1E5C46A000804D26 /* Release */,
			);
			defaultConfigurationIsVisible = 0;
			defaultConfigurationName = Release;
		};
/* End XCConfigurationList section */
	};
	rootObject = DEDFA5421E5C46A000804D26 /* Project object */;
}
